
Microsoft Visual Studio Solution File, Format Version 12.00
# Visual Studio Version 16
VisualStudioVersion = 16.0.30320.27
MinimumVisualStudioVersion = 10.0.40219.1
Project("{9A19103F-16F7-4668-BE54-9A1E7A4F7556}") = "Shos.Collections", "Shos.Collections\Shos.Collections.csproj", "{C04C99C3-DFB1-44EF-9FE2-2880760A4607}"
EndProject
Project("{9A19103F-16F7-4668-BE54-9A1E7A4F7556}") = "Shos.CollectionsTests", "Shos.CollectionsTests\Shos.CollectionsTests.csproj", "{5F7B06BB-4831-46E0-AF5C-7FA842BC4EC2}"
EndProject
Project("{2150E333-8FDC-42A3-9474-1A3956D46DE8}") = "Solution Items", "Solution Items", "{E83F9AE9-5E21-4B39-97E2-AC70D5D2848A}"
	ProjectSection(SolutionItems) = preProject
		LICENSE = LICENSE
		ReadMe.md = ReadMe.md
	EndProjectSection
EndProject
Project("{FAE04EC0-301F-11D3-BF4B-00C04F79EFBC}") = "Shos.CollectionsBenchMarks", "Shos.CollectionsBenchMarks\Shos.CollectionsBenchMarks.csproj", "{9F65F1F7-161B-4A26-8D64-BE64B62DC5CA}"
EndProject
Global
	GlobalSection(SolutionConfigurationPlatforms) = preSolution
		Debug|Any CPU = Debug|Any CPU
		Release|Any CPU = Release|Any CPU
	EndGlobalSection
	GlobalSection(ProjectConfigurationPlatforms) = postSolution
		{C04C99C3-DFB1-44EF-9FE2-2880760A4607}.Debug|Any CPU.ActiveCfg = Debug|Any CPU
		{C04C99C3-DFB1-44EF-9FE2-2880760A4607}.Debug|Any CPU.Build.0 = Debug|Any CPU
		{C04C99C3-DFB1-44EF-9FE2-2880760A4607}.Release|Any CPU.ActiveCfg = Release|Any CPU
		{C04C99C3-DFB1-44EF-9FE2-2880760A4607}.Release|Any CPU.Build.0 = Release|Any CPU
		{5F7B06BB-4831-46E0-AF5C-7FA842BC4EC2}.Debug|Any CPU.ActiveCfg = Debug|Any CPU
		{5F7B06BB-4831-46E0-AF5C-7FA842BC4EC2}.Debug|Any CPU.Build.0 = Debug|Any CPU
		{5F7B06BB-4831-46E0-AF5C-7FA842BC4EC2}.Release|Any CPU.ActiveCfg = Release|Any CPU
		{5F7B06BB-4831-46E0-AF5C-7FA842BC4EC2}.Release|Any CPU.Build.0 = Release|Any CPU
		{9F65F1F7-161B-4A26-8D64-BE64B62DC5CA}.Debug|Any CPU.ActiveCfg = Debug|Any CPU
		{9F65F1F7-161B-4A26-8D64-BE64B62DC5CA}.Debug|Any CPU.Build.0 = Debug|Any CPU
		{9F65F1F7-161B-4A26-8D64-BE64B62DC5CA}.Release|Any CPU.ActiveCfg = Release|Any CPU
		{9F65F1F7-161B-4A26-8D64-BE64B62DC5CA}.Release|Any CPU.Build.0 = Release|Any CPU
	EndGlobalSection
	GlobalSection(SolutionProperties) = preSolution
		HideSolutionNode = FALSE
	EndGlobalSection
	GlobalSection(ExtensibilityGlobals) = postSolution
		SolutionGuid = {436C83B6-136D-43AF-85D0-1341751CFF3F}
	EndGlobalSection
EndGlobal
